
Microsoft Visual Studio Solution File, Format Version 12.00
# Visual Studio Version 16
VisualStudioVersion = 16.0.30804.86
MinimumVisualStudioVersion = 10.0.40219.1
Project("{8BC9CEB8-8B4A-11D0-8D11-00A0C91BC942}") = "NewSpells", "NewSpells\NewSpells.vcxproj", "{5AD67C57-2A38-469F-8860-444E96BB0EBD}"
EndProject
Project("{8BC9CEB8-8B4A-11D0-8D11-00A0C91BC942}") = "NewSpellsEditor", "NewSpellsEditor\NewSpellsEditor.vcxproj", "{94FDC2C6-77A6-43D9-A84C-06A6BA73DA4C}"
EndProject
Project("{8BC9CEB8-8B4A-11D0-8D11-00A0C91BC942}") = "NewSpellsExpansion", "NewSpellsExpansion\NewSpellsExpansion.vcxproj", "{7B2D8D48-94D4-4214-A049-4C7632450438}"
EndProject
Global
	GlobalSection(SolutionConfigurationPlatforms) = preSolution
		Debug|Win32 = Debug|Win32
		Release|Win32 = Release|Win32
	EndGlobalSection
	GlobalSection(ProjectConfigurationPlatforms) = postSolution
		{5AD67C57-2A38-469F-8860-444E96BB0EBD}.Debug|Win32.ActiveCfg = Debug|Win32
		{5AD67C57-2A38-469F-8860-444E96BB0EBD}.Debug|Win32.Build.0 = Debug|Win32
		{5AD67C57-2A38-469F-8860-444E96BB0EBD}.Release|Win32.ActiveCfg = Release|Win32
		{5AD67C57-2A38-469F-8860-444E96BB0EBD}.Release|Win32.Build.0 = Release|Win32
		{94FDC2C6-77A6-43D9-A84C-06A6BA73DA4C}.Debug|Win32.ActiveCfg = Debug|Win32
		{94FDC2C6-77A6-43D9-A84C-06A6BA73DA4C}.Debug|Win32.Build.0 = Debug|Win32
		{94FDC2C6-77A6-43D9-A84C-06A6BA73DA4C}.Release|Win32.ActiveCfg = Release|Win32
		{94FDC2C6-77A6-43D9-A84C-06A6BA73DA4C}.Release|Win32.Build.0 = Release|Win32
		{7B2D8D48-94D4-4214-A049-4C7632450438}.Debug|Win32.ActiveCfg = Debug|Win32
		{7B2D8D48-94D4-4214-A049-4C7632450438}.Debug|Win32.Build.0 = Debug|Win32
		{7B2D8D48-94D4-4214-A049-4C7632450438}.Release|Win32.ActiveCfg = Release|Win32
		{7B2D8D48-94D4-4214-A049-4C7632450438}.Release|Win32.Build.0 = Release|Win32
	EndGlobalSection
	GlobalSection(SolutionProperties) = preSolution
		HideSolutionNode = FALSE
	EndGlobalSection
	GlobalSection(ExtensibilityGlobals) = postSolution
		SolutionGuid = {2905E3A8-FF0B-46D7-9BD3-6ADEDA76677C}
	EndGlobalSection
EndGlobal
